
Microsoft Visual Studio Solution File, Format Version 12.00
# Visual Studio Version 17
VisualStudioVersion = 17.1.32228.430
MinimumVisualStudioVersion = 10.0.40219.1
Project("{8BC9CEB8-8B4A-11D0-8D11-00A0C91BC942}") = "AfterSchool", "AfterSchool\AfterSchool.vcxproj", "{20A5475B-7804-49EE-9905-31353B0E90A3}"
EndProject
Project("{8BC9CEB8-8B4A-11D0-8D11-00A0C91BC942}") = "Moonbub", "Mo\Mo.vcxproj", "{949AFA57-5DAB-4240-907C-68672C1EF0DA}"
EndProject
Project("{2150E333-8FDC-42A3-9474-1A3956D46DE8}") = "Solution Items", "Solution Items", "{2CDD05ED-CCBD-4C07-BC65-58929A7081E6}"
	ProjectSection(SolutionItems) = preProject
		README.md = README.md
	EndProjectSection
EndProject
Project("{8BC9CEB8-8B4A-11D0-8D11-00A0C91BC942}") = "AfterSchool2", "AfterSchool2\AfterSchool2.vcxproj", "{F835F751-FE09-404F-A1D4-14F99D8E13C3}"
EndProject
Project("{8BC9CEB8-8B4A-11D0-8D11-00A0C91BC942}") = "Moonbub", "Moonbub\Mo.vcxproj", "{3FB5332F-BF73-498E-BBD2-9D79AE41257A}"
EndProject
Project("{8BC9CEB8-8B4A-11D0-8D11-00A0C91BC942}") = "mp3", "mp3\mp3.vcxproj", "{3799EB95-5F67-4E08-A39B-5305956822BD}"
EndProject
Project("{8BC9CEB8-8B4A-11D0-8D11-00A0C91BC942}") = "mysql_ex", "mysql_ex\mysql_ex.vcxproj", "{63D6AF10-9BD3-4840-8501-0619154D5B1A}"
EndProject
Global
	GlobalSection(SolutionConfigurationPlatforms) = preSolution
		Debug|x64 = Debug|x64
		Debug|x86 = Debug|x86
		Release|x64 = Release|x64
		Release|x86 = Release|x86
	EndGlobalSection
	GlobalSection(ProjectConfigurationPlatforms) = postSolution
		{20A5475B-7804-49EE-9905-31353B0E90A3}.Debug|x64.ActiveCfg = Debug|x64
		{20A5475B-7804-49EE-9905-31353B0E90A3}.Debug|x64.Build.0 = Debug|x64
		{20A5475B-7804-49EE-9905-31353B0E90A3}.Debug|x86.ActiveCfg = Debug|Win32
		{20A5475B-7804-49EE-9905-31353B0E90A3}.Debug|x86.Build.0 = Debug|Win32
		{20A5475B-7804-49EE-9905-31353B0E90A3}.Release|x64.ActiveCfg = Release|x64
		{20A5475B-7804-49EE-9905-31353B0E90A3}.Release|x64.Build.0 = Release|x64
		{20A5475B-7804-49EE-9905-31353B0E90A3}.Release|x86.ActiveCfg = Release|Win32
		{20A5475B-7804-49EE-9905-31353B0E90A3}.Release|x86.Build.0 = Release|Win32
		{949AFA57-5DAB-4240-907C-68672C1EF0DA}.Debug|x64.ActiveCfg = Debug|x64
		{949AFA57-5DAB-4240-907C-68672C1EF0DA}.Debug|x64.Build.0 = Debug|x64
		{949AFA57-5DAB-4240-907C-68672C1EF0DA}.Debug|x86.ActiveCfg = Debug|Win32
		{949AFA57-5DAB-4240-907C-68672C1EF0DA}.Debug|x86.Build.0 = Debug|Win32
		{949AFA57-5DAB-4240-907C-68672C1EF0DA}.Release|x64.ActiveCfg = Release|x64
		{949AFA57-5DAB-4240-907C-68672C1EF0DA}.Release|x64.Build.0 = Release|x64
		{949AFA57-5DAB-4240-907C-68672C1EF0DA}.Release|x86.ActiveCfg = Release|Win32
		{949AFA57-5DAB-4240-907C-68672C1EF0DA}.Release|x86.Build.0 = Release|Win32
		{F835F751-FE09-404F-A1D4-14F99D8E13C3}.Debug|x64.ActiveCfg = Debug|x64
		{F835F751-FE09-404F-A1D4-14F99D8E13C3}.Debug|x64.Build.0 = Debug|x64
		{F835F751-FE09-404F-A1D4-14F99D8E13C3}.Debug|x86.ActiveCfg = Debug|Win32
		{F835F751-FE09-404F-A1D4-14F99D8E13C3}.Debug|x86.Build.0 = Debug|Win32
		{F835F751-FE09-404F-A1D4-14F99D8E13C3}.Release|x64.ActiveCfg = Release|x64
		{F835F751-FE09-404F-A1D4-14F99D8E13C3}.Release|x64.Build.0 = Release|x64
		{F835F751-FE09-404F-A1D4-14F99D8E13C3}.Release|x86.ActiveCfg = Release|Win32
		{F835F751-FE09-404F-A1D4-14F99D8E13C3}.Release|x86.Build.0 = Release|Win32
		{3FB5332F-BF73-498E-BBD2-9D79AE41257A}.Debug|x64.ActiveCfg = Debug|x64
		{3FB5332F-BF73-498E-BBD2-9D79AE41257A}.Debug|x64.Build.0 = Debug|x64
		{3FB5332F-BF73-498E-BBD2-9D79AE41257A}.Debug|x86.ActiveCfg = Debug|Win32
		{3FB5332F-BF73-498E-BBD2-9D79AE41257A}.Debug|x86.Build.0 = Debug|Win32
		{3FB5332F-BF73-498E-BBD2-9D79AE41257A}.Release|x64.ActiveCfg = Release|x64
		{3FB5332F-BF73-498E-BBD2-9D79AE41257A}.Release|x64.Build.0 = Release|x64
		{3FB5332F-BF73-498E-BBD2-9D79AE41257A}.Release|x86.ActiveCfg = Release|Win32
		{3FB5332F-BF73-498E-BBD2-9D79AE41257A}.Release|x86.Build.0 = Release|Win32
		{3799EB95-5F67-4E08-A39B-5305956822BD}.Debug|x64.ActiveCfg = Debug|x64
		{3799EB95-5F67-4E08-A39B-5305956822BD}.Debug|x64.Build.0 = Debug|x64
		{3799EB95-5F67-4E08-A39B-5305956822BD}.Debug|x86.ActiveCfg = Debug|Win32
		{3799EB95-5F67-4E08-A39B-5305956822BD}.Debug|x86.Build.0 = Debug|Win32
		{3799EB95-5F67-4E08-A39B-5305956822BD}.Release|x64.ActiveCfg = Release|x64
		{3799EB95-5F67-4E08-A39B-5305956822BD}.Release|x64.Build.0 = Release|x64
		{3799EB95-5F67-4E08-A39B-5305956822BD}.Release|x86.ActiveCfg = Release|Win32
		{3799EB95-5F67-4E08-A39B-5305956822BD}.Release|x86.Build.0 = Release|Win32
		{63D6AF10-9BD3-4840-8501-0619154D5B1A}.Debug|x64.ActiveCfg = Debug|x64
		{63D6AF10-9BD3-4840-8501-0619154D5B1A}.Debug|x64.Build.0 = Debug|x64
		{63D6AF10-9BD3-4840-8501-0619154D5B1A}.Debug|x86.ActiveCfg = Debug|Win32
		{63D6AF10-9BD3-4840-8501-0619154D5B1A}.Debug|x86.Build.0 = Debug|Win32
		{63D6AF10-9BD3-4840-8501-0619154D5B1A}.Release|x64.ActiveCfg = Release|x64
		{63D6AF10-9BD3-4840-8501-0619154D5B1A}.Release|x64.Build.0 = Release|x64
		{63D6AF10-9BD3-4840-8501-0619154D5B1A}.Release|x86.ActiveCfg = Release|Win32
		{63D6AF10-9BD3-4840-8501-0619154D5B1A}.Release|x86.Build.0 = Release|Win32
	EndGlobalSection
	GlobalSection(SolutionProperties) = preSolution
		HideSolutionNode = FALSE
	EndGlobalSection
	GlobalSection(NestedProjects) = preSolution
		{F835F751-FE09-404F-A1D4-14F99D8E13C3} = {2CDD05ED-CCBD-4C07-BC65-58929A7081E6}
		{3FB5332F-BF73-498E-BBD2-9D79AE41257A} = {2CDD05ED-CCBD-4C07-BC65-58929A7081E6}
	EndGlobalSection
	GlobalSection(ExtensibilityGlobals) = postSolution
		SolutionGuid = {7E51F444-280B-4F58-999E-BC47B9C2B1A6}
	EndGlobalSection
EndGlobal
